<?xml version="1.0" encoding="utf-8"?>
<Project ToolsVersion="4.0" xmlns="http://schemas.microsoft.com/developer/msbuild/2003">
  <ItemGroup>
    <Filter Include="소스 파일">
      <UniqueIdentifier>{4FC737F1-C7A5-4376-A066-2A32D752A2FF}</UniqueIdentifier>
      <Extensions>cpp;c;cc;cxx;def;odl;idl;hpj;bat;asm;asmx</Extensions>
    </Filter>
    <Filter Include="리소스 파일">
      <UniqueIdentifier>{67DA6AB6-F800-4c08-8B7A-83BB121AAD01}</UniqueIdentifier>
      <Extensions>rc;ico;cur;bmp;dlg;rc2;rct;bin;rgs;gif;jpg;jpeg;jpe;resx;tiff;tif;png;wav;mfcribbon-ms</Extensions>
    </Filter>
    <Filter Include="Core">
      <UniqueIdentifier>{c02091ab-a420-49a4-8c1c-48ce0e3d3dcb}</UniqueIdentifier>
    </Filter>
    <Filter Include="02_Scene">
      <UniqueIdentifier>{6df06b07-5771-4426-a3e5-0f3817c446e5}</UniqueIdentifier>
    </Filter>
    <Filter Include="Core\01_Timer">
      <UniqueIdentifier>{765a78c4-e902-4c9e-97d2-0b69d58939f9}</UniqueIdentifier>
    </Filter>
    <Filter Include="Core\02_Path">
      <UniqueIdentifier>{9537eb3e-bd4b-496d-a3a8-24d69a369086}</UniqueIdentifier>
    </Filter>
    <Filter Include="헤더 파일">
      <UniqueIdentifier>{93995380-89BD-4b04-88EB-625FBE52EBFB}</UniqueIdentifier>
      <Extensions>h;hh;hpp;hxx;hm;inl;inc;xsd</Extensions>
    </Filter>
    <Filter Include="01_Layer">
      <UniqueIdentifier>{15a0acc9-308d-435f-ad69-5dd14b1eff4c}</UniqueIdentifier>
    </Filter>
    <Filter Include="03_Object">
      <UniqueIdentifier>{6b091435-6baf-47d3-8910-4a128a671960}</UniqueIdentifier>
    </Filter>
    <Filter Include="03_Object\01_MoveObj">
      <UniqueIdentifier>{3794f1ec-f127-4b51-aac3-29b38ef1b70e}</UniqueIdentifier>
    </Filter>
    <Filter Include="03_Object\02_StaticObj">
      <UniqueIdentifier>{75d2c3e9-3c7a-4ae0-94b7-67ecafeb142b}</UniqueIdentifier>
    </Filter>
    <Filter Include="03_Object\03_PlayerObj">
      <UniqueIdentifier>{cce1c85e-a5dc-4dab-9239-064e47ddd246}</UniqueIdentifier>
    </Filter>
    <Filter Include="03_Object\04_Monster">
      <UniqueIdentifier>{3e554b86-1133-411c-b0ce-bae0aeb23675}</UniqueIdentifier>
    </Filter>
    <Filter Include="03_Object\05_Bullet">
      <UniqueIdentifier>{6a4a2a02-2209-4264-9a3a-9835b1979de3}</UniqueIdentifier>
    </Filter>
    <Filter Include="04_Resource">
      <UniqueIdentifier>{a4c47e95-5b5a-4361-a996-b8efd7e529ee}</UniqueIdentifier>
    </Filter>
    <Filter Include="03_Object\02_StaticObj\01_Stage">
      <UniqueIdentifier>{b16fd639-5c2f-46ba-9414-e2213a3b7688}</UniqueIdentifier>
    </Filter>
    <Filter Include="Core\03_Camera">
      <UniqueIdentifier>{e10f0b22-aa35-4072-8f85-f4b9ed79cd4c}</UniqueIdentifier>
    </Filter>
    <Filter Include="Core\04_Input">
      <UniqueIdentifier>{24d44944-ad67-4c48-9037-3a0416792e11}</UniqueIdentifier>
    </Filter>
    <Filter Include="05_Collider">
      <UniqueIdentifier>{77bd2062-869f-428a-ad1f-91917e715a92}</UniqueIdentifier>
    </Filter>
    <Filter Include="Core\05_Math">
      <UniqueIdentifier>{7cb9a2e7-432b-4094-b062-976dd81a8ee7}</UniqueIdentifier>
    </Filter>
  </ItemGroup>
  <ItemGroup>
    <ClCompile Include="main.cpp">
      <Filter>소스 파일</Filter>
    </ClCompile>
    <ClCompile Include="Scene\InGameScene.cpp">
      <Filter>02_Scene</Filter>
    </ClCompile>
    <ClCompile Include="Scene\Scene.cpp">
      <Filter>02_Scene</Filter>
    </ClCompile>
    <ClCompile Include="Scene\SceneManager.cpp">
      <Filter>02_Scene</Filter>
    </ClCompile>
    <ClCompile Include="Core.cpp">
      <Filter>Core</Filter>
    </ClCompile>
    <ClCompile Include="Ref.cpp">
      <Filter>소스 파일</Filter>
    </ClCompile>
    <ClCompile Include="Object\Obj.cpp">
      <Filter>03_Object</Filter>
    </ClCompile>
    <ClCompile Include="Object\MoveObj.cpp">
      <Filter>03_Object\01_MoveObj</Filter>
    </ClCompile>
    <ClCompile Include="Object\Player.cpp">
      <Filter>03_Object\03_PlayerObj</Filter>
    </ClCompile>
    <ClCompile Include="Object\StaticObj.cpp">
      <Filter>03_Object\02_StaticObj</Filter>
    </ClCompile>
    <ClCompile Include="Object\Minion.cpp">
      <Filter>03_Object\04_Monster</Filter>
    </ClCompile>
    <ClCompile Include="Scene\Layer.cpp">
      <Filter>01_Layer</Filter>
    </ClCompile>
    <ClCompile Include="Object\Bullet.cpp">
      <Filter>03_Object\05_Bullet</Filter>
    </ClCompile>
    <ClCompile Include="Core\PathManager.cpp">
      <Filter>Core\02_Path</Filter>
    </ClCompile>
    <ClCompile Include="Core\Timer.cpp">
      <Filter>Core\01_Timer</Filter>
    </ClCompile>
    <ClCompile Include="Resources\ResourcesManager.cpp">
      <Filter>04_Resource</Filter>
    </ClCompile>
    <ClCompile Include="Resources\Texture.cpp">
      <Filter>04_Resource</Filter>
    </ClCompile>
    <ClCompile Include="Object\Stage.cpp">
      <Filter>03_Object\02_StaticObj\01_Stage</Filter>
    </ClCompile>
    <ClCompile Include="Core\Camera.cpp">
      <Filter>Core\03_Camera</Filter>
    </ClCompile>
    <ClCompile Include="Core\Input.cpp">
      <Filter>Core\04_Input</Filter>
    </ClCompile>
    <ClCompile Include="Collider\Collider.cpp">
      <Filter>05_Collider</Filter>
    </ClCompile>
    <ClCompile Include="Collider\ColliderRect.cpp">
      <Filter>05_Collider</Filter>
    </ClCompile>
    <ClCompile Include="Collider\ColliderManager.cpp">
      <Filter>05_Collider</Filter>
    </ClCompile>
    <ClCompile Include="Collider\ColliderSphere.cpp">
      <Filter>05_Collider</Filter>
    </ClCompile>
    <ClCompile Include="Core\Math.cpp">
      <Filter>Core\05_Math</Filter>
    </ClCompile>
    <ClCompile Include="Collider\ColliderPixel.cpp">
      <Filter>소스 파일</Filter>
    </ClCompile>
  </ItemGroup>
  <ItemGroup>
    <ClInclude Include="Game.h">
      <Filter>헤더 파일</Filter>
    </ClInclude>
    <ClInclude Include="Macro.h">
      <Filter>헤더 파일</Filter>
    </ClInclude>
    <ClInclude Include="resource.h">
      <Filter>헤더 파일</Filter>
    </ClInclude>
    <ClInclude Include="Types.h">
      <Filter>헤더 파일</Filter>
    </ClInclude>
    <ClInclude Include="Scene\InGameScene.h">
      <Filter>02_Scene</Filter>
    </ClInclude>
    <ClInclude Include="Scene\Scene.h">
      <Filter>02_Scene</Filter>
    </ClInclude>
    <ClInclude Include="Scene\SceneManager.h">
      <Filter>02_Scene</Filter>
    </ClInclude>
    <ClInclude Include="Core.h">
      <Filter>Core</Filter>
    </ClInclude>
    <ClInclude Include="Flag.h">
      <Filter>헤더 파일</Filter>
    </ClInclude>
    <ClInclude Include="Ref.h">
      <Filter>헤더 파일</Filter>
    </ClInclude>
    <ClInclude Include="Object\Obj.h">
      <Filter>03_Object</Filter>
    </ClInclude>
    <ClInclude Include="Object\MoveObj.h">
      <Filter>03_Object\01_MoveObj</Filter>
    </ClInclude>
    <ClInclude Include="Object\Player.h">
      <Filter>03_Object\03_PlayerObj</Filter>
    </ClInclude>
    <ClInclude Include="Object\StaticObj.h">
      <Filter>03_Object\02_StaticObj</Filter>
    </ClInclude>
    <ClInclude Include="Object\Minion.h">
      <Filter>03_Object\04_Monster</Filter>
    </ClInclude>
    <ClInclude Include="Scene\Layer.h">
      <Filter>01_Layer</Filter>
    </ClInclude>
    <ClInclude Include="Object\Bullet.h">
      <Filter>03_Object\05_Bullet</Filter>
    </ClInclude>
    <ClInclude Include="Core\PathManager.h">
      <Filter>Core\02_Path</Filter>
    </ClInclude>
    <ClInclude Include="Core\Timer.h">
      <Filter>Core\01_Timer</Filter>
    </ClInclude>
    <ClInclude Include="Resources\ResourcesManager.h">
      <Filter>04_Resource</Filter>
    </ClInclude>
    <ClInclude Include="Resources\Texture.h">
      <Filter>04_Resource</Filter>
    </ClInclude>
    <ClInclude Include="Object\Stage.h">
      <Filter>03_Object\02_StaticObj\01_Stage</Filter>
    </ClInclude>
    <ClInclude Include="Core\Camera.h">
      <Filter>Core\03_Camera</Filter>
    </ClInclude>
    <ClInclude Include="Core\Input.h">
      <Filter>Core\04_Input</Filter>
    </ClInclude>
    <ClInclude Include="Collider\Collider.h">
      <Filter>05_Collider</Filter>
    </ClInclude>
    <ClInclude Include="Collider\ColliderRect.h">
      <Filter>05_Collider</Filter>
    </ClInclude>
    <ClInclude Include="Collider\ColliderManager.h">
      <Filter>05_Collider</Filter>
    </ClInclude>
    <ClInclude Include="Collider\ColliderSphere.h">
      <Filter>05_Collider</Filter>
    </ClInclude>
    <ClInclude Include="Core\Math.h">
      <Filter>Core\05_Math</Filter>
    </ClInclude>
    <ClInclude Include="Collider\ColliderPixel.h">
      <Filter>헤더 파일</Filter>
    </ClInclude>
  </ItemGroup>
  <ItemGroup>
    <ResourceCompile Include="FrameWork.rc">
      <Filter>리소스 파일</Filter>
    </ResourceCompile>
  </ItemGroup>
  <ItemGroup>
    <Image Include="icon1.ico">
      <Filter>리소스 파일</Filter>
    </Image>
  </ItemGroup>
  <ItemGroup>
    <None Include="ClassDiagram.cd" />
  </ItemGroup>
</Project>